
Microsoft Visual Studio Solution File, Format Version 12.00
# Visual Studio Version 16
VisualStudioVersion = 16.0.31005.135
MinimumVisualStudioVersion = 10.0.40219.1
Project("{FAE04EC0-301F-11D3-BF4B-00C04F79EFBC}") = "App.wpf", "App.wpf.csproj", "{6F73AE06-C47E-47B7-A2FE-DE32EE2C289B}"
EndProject
Global
	GlobalSection(SolutionConfigurationPlatforms) = preSolution
		Debug|Any CPU = Debug|Any CPU
		Release|Any CPU = Release|Any CPU
	EndGlobalSection
	GlobalSection(ProjectConfigurationPlatforms) = postSolution
		{6F73AE06-C47E-47B7-A2FE-DE32EE2C289B}.Debug|Any CPU.ActiveCfg = Debug|Any CPU
		{6F73AE06-C47E-47B7-A2FE-DE32EE2C289B}.Debug|Any CPU.Build.0 = Debug|Any CPU
		{6F73AE06-C47E-47B7-A2FE-DE32EE2C289B}.Release|Any CPU.ActiveCfg = Release|Any CPU
		{6F73AE06-C47E-47B7-A2FE-DE32EE2C289B}.Release|Any CPU.Build.0 = Release|Any CPU
	EndGlobalSection
	GlobalSection(SolutionProperties) = preSolution
		HideSolutionNode = FALSE
	EndGlobalSection
	GlobalSection(ExtensibilityGlobals) = postSolution
		SolutionGuid = {31B4F67A-592C-4E9A-9C36-624ACB61147C}
	EndGlobalSection
EndGlobal
